
Microsoft Visual Studio Solution File, Format Version 12.00
# Visual Studio 2013
VisualStudioVersion = 12.0.31101.0
MinimumVisualStudioVersion = 10.0.40219.1
Project("{FAE04EC0-301F-11D3-BF4B-00C04F79EFBC}") = "iControlServerApplication", "iControlServerApplication\iControlServerApplication.csproj", "{8A99CEFA-6900-43A1-9B9A-61F14C63AA28}"
EndProject
Project("{FAE04EC0-301F-11D3-BF4B-00C04F79EFBC}") = "iControlPluginInterface", "iControlPluginInterface\iControlPluginInterface.csproj", "{3D9D643D-33FC-426C-AD4D-DCC56B1420ED}"
EndProject
Global
	GlobalSection(SolutionConfigurationPlatforms) = preSolution
		Debug|Any CPU = Debug|Any CPU
		Release|Any CPU = Release|Any CPU
	EndGlobalSection
	GlobalSection(ProjectConfigurationPlatforms) = postSolution
		{8A99CEFA-6900-43A1-9B9A-61F14C63AA28}.Debug|Any CPU.ActiveCfg = Debug|Any CPU
		{8A99CEFA-6900-43A1-9B9A-61F14C63AA28}.Debug|Any CPU.Build.0 = Debug|Any CPU
		{8A99CEFA-6900-43A1-9B9A-61F14C63AA28}.Release|Any CPU.ActiveCfg = Release|Any CPU
		{8A99CEFA-6900-43A1-9B9A-61F14C63AA28}.Release|Any CPU.Build.0 = Release|Any CPU
		{3D9D643D-33FC-426C-AD4D-DCC56B1420ED}.Debug|Any CPU.ActiveCfg = Debug|Any CPU
		{3D9D643D-33FC-426C-AD4D-DCC56B1420ED}.Debug|Any CPU.Build.0 = Debug|Any CPU
		{3D9D643D-33FC-426C-AD4D-DCC56B1420ED}.Release|Any CPU.ActiveCfg = Release|Any CPU
		{3D9D643D-33FC-426C-AD4D-DCC56B1420ED}.Release|Any CPU.Build.0 = Release|Any CPU
	EndGlobalSection
	GlobalSection(SolutionProperties) = preSolution
		HideSolutionNode = FALSE
	EndGlobalSection
EndGlobal
